{
  "name": "altair_admin_angularJS",
  "version": "2.12.0",
  "lockfileVersion": 1,
  "requires": true,
  "dependencies": {
    "angular": {
      "version": "1.5.11",
      "resolved": "https://registry.npmjs.org/angular/-/angular-1.5.11.tgz",
      "integrity": "sha1-jFunOG8VllyazzQp9ogVU6raMNY="
    },
    "angular-swx-local-storage": {
      "version": "1.0.0",
      "resolved": "https://registry.npmjs.org/angular-swx-local-storage/-/angular-swx-local-storage-1.0.0.tgz",
      "integrity": "sha1-KCheGvDDENoFLx9bBLauDfpHvAc=",
      "dev": true,
      "requires": {
        "angular": "1.5.11"
      }
    },
    "angular-translate": {
      "version": "2.18.1",
      "resolved": "https://registry.npmjs.org/angular-translate/-/angular-translate-2.18.1.tgz",
      "integrity": "sha512-Mw0kFBqsv5j8ItL9IhRZunIlVmIRW6iFsiTmRs9wGr2QTt8z4rehYlWyHos8qnXc/kyOYJiW50iH50CSNHGB9A==",
      "requires": {
        "angular": "1.5.11"
      }
    },
    "angular-translate-handler-log": {
      "version": "2.18.1",
      "resolved": "https://registry.npmjs.org/angular-translate-handler-log/-/angular-translate-handler-log-2.18.1.tgz",
      "integrity": "sha512-TyKzCW4GubNazwCgLpCVXd2212CWdZOckf+aL5+gLuThPhVpOvlg18RSmz8MNPto3kwCcCw3LzShlZ6RX/MQRA==",
      "requires": {
        "angular-translate": "2.18.1"
      }
    },
    "angular-translate-loader-static-files": {
      "version": "2.18.1",
      "resolved": "https://registry.npmjs.org/angular-translate-loader-static-files/-/angular-translate-loader-static-files-2.18.1.tgz",
      "integrity": "sha512-5MuyzAROfc493kjLjKlLGLBzXiRmZIFbcWZGutDRxW5SRXSpwrH0u0hh0ENNnUyUQbe2vUspHNPIuZqlq8qIhw==",
      "requires": {
        "angular-translate": "2.18.1"
      }
    }
  }
}
